<?xml version="1.0" encoding="utf-8"?>
<Project ToolsVersion="4.0" xmlns="http://schemas.microsoft.com/developer/msbuild/2003">
  <ItemGroup>
    <Filter Include="Source Files">
      <UniqueIdentifier>{4FC737F1-C7A5-4376-A066-2A32D752A2FF}</UniqueIdentifier>
      <Extensions>cpp;c;cc;cxx;c++;cppm;ixx;def;odl;idl;hpj;bat;asm;asmx</Extensions>
    </Filter>
    <Filter Include="Source Files\Shaders">
      <UniqueIdentifier>{4d528759-8816-487e-8ed4-43c19ec8d9bb}</UniqueIdentifier>
    </Filter>
    <Filter Include="Source Files\--[Outdated]--">
      <UniqueIdentifier>{fc21ba7e-32ac-43fd-bacc-668c6fadd68b}</UniqueIdentifier>
    </Filter>
    <Filter Include="Source Files\--[Outdated]--\Rendering">
      <UniqueIdentifier>{16579f2a-e4cf-4bc0-a2ec-13a1482902bc}</UniqueIdentifier>
    </Filter>
    <Filter Include="Source Files\--[Outdated]--\Math">
      <UniqueIdentifier>{83f3b068-f470-4641-9f93-5c9af9cd86a2}</UniqueIdentifier>
    </Filter>
    <Filter Include="Source Files\--[Outdated]--\Utils">
      <UniqueIdentifier>{8475a327-1132-47bf-ba9c-6abe6d70a951}</UniqueIdentifier>
    </Filter>
    <Filter Include="Source Files\--[Outdated]--\Models">
      <UniqueIdentifier>{605befde-6129-4e92-a293-6616bd3d8a52}</UniqueIdentifier>
    </Filter>
    <Filter Include="Source Files\--[Outdated]--\Scenes">
      <UniqueIdentifier>{4fd99e52-4487-481b-a640-0a34f8a68563}</UniqueIdentifier>
    </Filter>
    <Filter Include="Source Files\Core">
      <UniqueIdentifier>{727c50a1-4dc7-486b-93c7-6b366b17fcdb}</UniqueIdentifier>
    </Filter>
    <Filter Include="Source Files\Core\include">
      <UniqueIdentifier>{d439b971-2c07-44df-bf9d-2b9ae6d82fe6}</UniqueIdentifier>
    </Filter>
    <Filter Include="Source Files\Core\src">
      <UniqueIdentifier>{7c3cb168-375f-4785-aad7-1ccc912e3a99}</UniqueIdentifier>
    </Filter>
    <Filter Include="Source Files\Core\include\Core">
      <UniqueIdentifier>{a10341f2-78bf-48c0-9d61-ec6ffa1ebc61}</UniqueIdentifier>
    </Filter>
    <Filter Include="Source Files\Core\include\Utils">
      <UniqueIdentifier>{3e939b6f-e813-4942-83f6-f33d76b2b809}</UniqueIdentifier>
    </Filter>
    <Filter Include="Source Files\Core\src\Core">
      <UniqueIdentifier>{b72c89b4-8340-465c-abfa-7d69ddc85251}</UniqueIdentifier>
    </Filter>
    <Filter Include="Source Files\Core\src\Utils">
      <UniqueIdentifier>{6db57246-60b3-4534-8104-5d16c9d26e9b}</UniqueIdentifier>
    </Filter>
    <Filter Include="Source Files\Core\include\Graphics">
      <UniqueIdentifier>{3d940aa9-ea79-4289-aee8-0cb6f0b43d6a}</UniqueIdentifier>
    </Filter>
    <Filter Include="Source Files\Core\src\Graphics">
      <UniqueIdentifier>{e368d916-b372-4957-a38a-1a2f1510426d}</UniqueIdentifier>
    </Filter>
  </ItemGroup>
  <ItemGroup>
    <ClCompile Include="Core\src\Core\Debug.cpp">
      <Filter>Source Files\Core\src\Core</Filter>
    </ClCompile>
    <ClCompile Include="Core\src\Utils\Logger.cpp">
      <Filter>Source Files\Core\src\Utils</Filter>
    </ClCompile>
    <ClCompile Include="Core\src\Graphics\Device.cpp">
      <Filter>Source Files\Core\src\Graphics</Filter>
    </ClCompile>
    <ClCompile Include="Core\src\Core\Application.cpp">
      <Filter>Source Files\Core\src\Core</Filter>
    </ClCompile>
    <ClCompile Include="Core\src\Core\Window.cpp">
      <Filter>Source Files\Core\src\Core</Filter>
    </ClCompile>
    <ClCompile Include="Core\src\Graphics\Command.cpp">
      <Filter>Source Files\Core\src\Graphics</Filter>
    </ClCompile>
    <ClCompile Include="Core\src\Graphics\SwapChain.cpp">
      <Filter>Source Files\Core\src\Graphics</Filter>
    </ClCompile>
  </ItemGroup>
  <ItemGroup>
    <FxCompile Include="Shaders\VertexShader.hlsl">
      <Filter>Source Files\Shaders</Filter>
    </FxCompile>
    <FxCompile Include="Shaders\PixelShader.hlsl">
      <Filter>Source Files\Shaders</Filter>
    </FxCompile>
  </ItemGroup>
  <ItemGroup>
    <ClInclude Include="Logger.h">
      <Filter>Source Files\Core</Filter>
    </ClInclude>
    <ClInclude Include="Core\include\Core\Debug.h">
      <Filter>Source Files\Core\include\Core</Filter>
    </ClInclude>
    <ClInclude Include="Core\include\Utils\Logger.h">
      <Filter>Source Files\Core\include\Utils</Filter>
    </ClInclude>
    <ClInclude Include="Core\include\Graphics\Device.h">
      <Filter>Source Files\Core\include\Graphics</Filter>
    </ClInclude>
    <ClInclude Include="Core\include\Core\Application.h">
      <Filter>Source Files\Core\include\Core</Filter>
    </ClInclude>
    <ClInclude Include="Core\include\Core\Window.h">
      <Filter>Source Files\Core\include\Core</Filter>
    </ClInclude>
    <ClInclude Include="Core\include\Graphics\Command.h">
      <Filter>Source Files\Core\include\Graphics</Filter>
    </ClInclude>
    <ClInclude Include="Core\include\Graphics\SwapChain.h">
      <Filter>Source Files\Core\include\Graphics</Filter>
    </ClInclude>
  </ItemGroup>
</Project>