<?xml version="1.0" encoding="utf-8"?>
<Project ToolsVersion="4.0" xmlns="http://schemas.microsoft.com/developer/msbuild/2003">
  <ItemGroup>
    <Filter Include="Source Files">
      <UniqueIdentifier>{4FC737F1-C7A5-4376-A066-2A32D752A2FF}</UniqueIdentifier>
      <Extensions>cpp;c;cc;cxx;c++;cppm;ixx;def;odl;idl;hpj;bat;asm;asmx</Extensions>
    </Filter>
    <Filter Include="Source Files\Core">
      <UniqueIdentifier>{fc21ba7e-32ac-43fd-bacc-668c6fadd68b}</UniqueIdentifier>
    </Filter>
    <Filter Include="Source Files\Core\Rendering">
      <UniqueIdentifier>{16579f2a-e4cf-4bc0-a2ec-13a1482902bc}</UniqueIdentifier>
    </Filter>
    <Filter Include="Source Files\Core\Scene">
      <UniqueIdentifier>{4fd99e52-4487-481b-a640-0a34f8a68563}</UniqueIdentifier>
    </Filter>
    <Filter Include="Source Files\Core\Math">
      <UniqueIdentifier>{83f3b068-f470-4641-9f93-5c9af9cd86a2}</UniqueIdentifier>
    </Filter>
    <Filter Include="Source Files\Core\Utils">
      <UniqueIdentifier>{8475a327-1132-47bf-ba9c-6abe6d70a951}</UniqueIdentifier>
    </Filter>
  </ItemGroup>
  <ItemGroup>
    <ClCompile Include="Engine.cpp">
      <Filter>Source Files</Filter>
    </ClCompile>
    <ClCompile Include="Core\Utils\Logger.cpp">
      <Filter>Source Files\Core\Utils</Filter>
    </ClCompile>
    <ClCompile Include="Core\Utils\Debug.cpp">
      <Filter>Source Files\Core\Utils</Filter>
    </ClCompile>
    <ClCompile Include="Core\Rendering\DeviceContext.cpp">
      <Filter>Source Files\Core\Rendering</Filter>
    </ClCompile>
    <ClCompile Include="Core\Utils\StringUtils.cpp">
      <Filter>Source Files\Core\Utils</Filter>
    </ClCompile>
    <ClCompile Include="Core\Utils\D3DUtils.cpp">
      <Filter>Source Files\Core\Utils</Filter>
    </ClCompile>
    <ClCompile Include="Core\Rendering\CommandQueue.cpp">
      <Filter>Source Files\Core\Rendering</Filter>
    </ClCompile>
    <ClCompile Include="Core\Rendering\SwapChain.cpp">
      <Filter>Source Files\Core\Rendering</Filter>
    </ClCompile>
    <ClCompile Include="Core\Rendering\DescriptorHeap.cpp">
      <Filter>Source Files\Core\Rendering</Filter>
    </ClCompile>
    <ClCompile Include="Core\Rendering\DepthBuffer.cpp">
      <Filter>Source Files\Core\Rendering</Filter>
    </ClCompile>
    <ClCompile Include="Core\Rendering\RootSignature.cpp">
      <Filter>Source Files\Core\Rendering</Filter>
    </ClCompile>
  </ItemGroup>
  <ItemGroup>
    <ClInclude Include="Core\Utils\Logger.h">
      <Filter>Source Files\Core\Utils</Filter>
    </ClInclude>
    <ClInclude Include="Core\Utils\Debug.h">
      <Filter>Source Files\Core\Utils</Filter>
    </ClInclude>
    <ClInclude Include="Core\Rendering\DeviceContext.h">
      <Filter>Source Files\Core\Rendering</Filter>
    </ClInclude>
    <ClInclude Include="Core\Utils\StringUtils.h">
      <Filter>Source Files\Core\Utils</Filter>
    </ClInclude>
    <ClInclude Include="Core\Utils\D3DUtils.h">
      <Filter>Source Files\Core\Utils</Filter>
    </ClInclude>
    <ClInclude Include="Core\Rendering\CommandQueue.h">
      <Filter>Source Files\Core\Rendering</Filter>
    </ClInclude>
    <ClInclude Include="Core\Rendering\SwapChain.h">
      <Filter>Source Files\Core\Rendering</Filter>
    </ClInclude>
    <ClInclude Include="Core\Rendering\DescriptorHeap.h">
      <Filter>Source Files\Core\Rendering</Filter>
    </ClInclude>
    <ClInclude Include="Core\Rendering\DepthBuffer.h">
      <Filter>Source Files\Core\Rendering</Filter>
    </ClInclude>
    <ClInclude Include="Core\Rendering\RootSignature.h">
      <Filter>Source Files\Core\Rendering</Filter>
    </ClInclude>
  </ItemGroup>
</Project>