<?xml version="1.0" encoding="utf-8"?>
<Project ToolsVersion="4.0" xmlns="http://schemas.microsoft.com/developer/msbuild/2003">
  <ItemGroup>
    <Filter Include="Source Files">
      <UniqueIdentifier>{4FC737F1-C7A5-4376-A066-2A32D752A2FF}</UniqueIdentifier>
      <Extensions>cpp;c;cc;cxx;c++;cppm;ixx;def;odl;idl;hpj;bat;asm;asmx</Extensions>
    </Filter>
    <Filter Include="Source Files\--[Outdated]--">
      <UniqueIdentifier>{fc21ba7e-32ac-43fd-bacc-668c6fadd68b}</UniqueIdentifier>
    </Filter>
    <Filter Include="Source Files\--[Outdated]--\Rendering">
      <UniqueIdentifier>{16579f2a-e4cf-4bc0-a2ec-13a1482902bc}</UniqueIdentifier>
    </Filter>
    <Filter Include="Source Files\--[Outdated]--\Math">
      <UniqueIdentifier>{83f3b068-f470-4641-9f93-5c9af9cd86a2}</UniqueIdentifier>
    </Filter>
    <Filter Include="Source Files\--[Outdated]--\Utils">
      <UniqueIdentifier>{8475a327-1132-47bf-ba9c-6abe6d70a951}</UniqueIdentifier>
    </Filter>
    <Filter Include="Source Files\--[Outdated]--\Models">
      <UniqueIdentifier>{605befde-6129-4e92-a293-6616bd3d8a52}</UniqueIdentifier>
    </Filter>
    <Filter Include="Source Files\--[Outdated]--\Scenes">
      <UniqueIdentifier>{4fd99e52-4487-481b-a640-0a34f8a68563}</UniqueIdentifier>
    </Filter>
    <Filter Include="Source Files\include">
      <UniqueIdentifier>{e04a108e-97d8-4509-b629-c411485d61dc}</UniqueIdentifier>
    </Filter>
    <Filter Include="Source Files\src">
      <UniqueIdentifier>{131b96f6-86e6-4623-ae15-3bf997884e73}</UniqueIdentifier>
    </Filter>
    <Filter Include="Source Files\include\Core">
      <UniqueIdentifier>{1083bb75-1013-4925-a774-40bb07f38bce}</UniqueIdentifier>
    </Filter>
    <Filter Include="Source Files\include\Logger">
      <UniqueIdentifier>{db7c664c-2909-40d6-9f47-528a349c186f}</UniqueIdentifier>
    </Filter>
    <Filter Include="Source Files\src\Core">
      <UniqueIdentifier>{bda9632b-138e-4093-944d-2aa475fdeebb}</UniqueIdentifier>
    </Filter>
    <Filter Include="Source Files\src\Logger">
      <UniqueIdentifier>{83f3ab49-1570-4ffe-8dfb-10d6a93368dd}</UniqueIdentifier>
    </Filter>
  </ItemGroup>
  <ItemGroup>
    <ClInclude Include="include\Core\Device.h">
      <Filter>Source Files\include\Core</Filter>
    </ClInclude>
    <ClInclude Include="include\Core\IRenderContext.h">
      <Filter>Source Files\include\Core</Filter>
    </ClInclude>
    <ClInclude Include="include\Logger\ILogger.h">
      <Filter>Source Files\include\Logger</Filter>
    </ClInclude>
    <ClInclude Include="include\Logger\Logger.h">
      <Filter>Source Files\include\Logger</Filter>
    </ClInclude>
    <ClInclude Include="include\Core\ICommandQueue.h">
      <Filter>Source Files\include\Core</Filter>
    </ClInclude>
    <ClInclude Include="include\Core\CommandQueue.h">
      <Filter>Source Files\include\Core</Filter>
    </ClInclude>
    <ClInclude Include="include\Core\ISwapChain.h">
      <Filter>Source Files\include\Core</Filter>
    </ClInclude>
    <ClInclude Include="include\Core\SwapChain.h">
      <Filter>Source Files\include\Core</Filter>
    </ClInclude>
    <ClInclude Include="include\Core\Window.h">
      <Filter>Source Files\include\Core</Filter>
    </ClInclude>
    <ClInclude Include="include\Core\RenderContext.h">
      <Filter>Source Files\include\Core</Filter>
    </ClInclude>
  </ItemGroup>
  <ItemGroup>
    <ClCompile Include="src\Core\Device.cpp">
      <Filter>Source Files\src\Core</Filter>
    </ClCompile>
    <ClCompile Include="src\Logger\Logger.cpp">
      <Filter>Source Files\src\Logger</Filter>
    </ClCompile>
    <ClCompile Include="src\Main.cpp">
      <Filter>Source Files\src</Filter>
    </ClCompile>
    <ClCompile Include="src\Core\SwapChain.cpp">
      <Filter>Source Files\src\Core</Filter>
    </ClCompile>
    <ClCompile Include="src\Core\Window.cpp">
      <Filter>Source Files\src\Core</Filter>
    </ClCompile>
    <ClCompile Include="src\Core\RenderContext.cpp">
      <Filter>Source Files\src\Core</Filter>
    </ClCompile>
    <ClCompile Include="src\Core\CommandQueue.cpp">
      <Filter>Source Files\src\Core</Filter>
    </ClCompile>
  </ItemGroup>
</Project>